{
  "nodes": {
    "nixpkgs": {
      "locked": {
        "lastModified": 1771352457,
        "narHash": "sha256-CCItBNMyLmtWqxTVaDAeeaIigbuaiZuN3WO8PZNkGBc=",
        "owner": "NixOS",
        "repo": "nixpkgs",
        "rev": "f8a68d8ce473ec59300d9fb510a1b545c1290939",
        "type": "github"
      },
      "original": {
        "owner": "NixOS",
        "ref": "nixpkgs-25.11-darwin",
        "repo": "nixpkgs",
        "type": "github"
      }
    },
    "root": {
      "inputs": {
        "nixpkgs": "nixpkgs"
      }
    }
  },
  "root": "root",
  "version": 7
}
